
Microsoft Visual Studio Solution File, Format Version 12.00
# Visual Studio Version 16
VisualStudioVersion = 16.0.30717.126
MinimumVisualStudioVersion = 10.0.40219.1
Project("{FAE04EC0-301F-11D3-BF4B-00C04F79EFBC}") = "Lesson7", "Lesson7\Lesson7.csproj", "{20782F5D-48B8-49EC-A4AC-F4C04244A702}"
EndProject
Global
	GlobalSection(SolutionConfigurationPlatforms) = preSolution
		Debug|Any CPU = Debug|Any CPU
		Release|Any CPU = Release|Any CPU
	EndGlobalSection
	GlobalSection(ProjectConfigurationPlatforms) = postSolution
		{20782F5D-48B8-49EC-A4AC-F4C04244A702}.Debug|Any CPU.ActiveCfg = Debug|Any CPU
		{20782F5D-48B8-49EC-A4AC-F4C04244A702}.Debug|Any CPU.Build.0 = Debug|Any CPU
		{20782F5D-48B8-49EC-A4AC-F4C04244A702}.Release|Any CPU.ActiveCfg = Release|Any CPU
		{20782F5D-48B8-49EC-A4AC-F4C04244A702}.Release|Any CPU.Build.0 = Release|Any CPU
	EndGlobalSection
	GlobalSection(SolutionProperties) = preSolution
		HideSolutionNode = FALSE
	EndGlobalSection
	GlobalSection(ExtensibilityGlobals) = postSolution
		SolutionGuid = {03A33210-0F18-49CF-A4F6-4244EDD5D5C8}
	EndGlobalSection
EndGlobal
